
Microsoft Visual Studio Solution File, Format Version 12.00
# Visual Studio Version 17
VisualStudioVersion = 17.3.32929.385
MinimumVisualStudioVersion = 10.0.40219.1
Project("{2150E333-8FDC-42A3-9474-1A3956D46DE8}") = "Solution Items", "Solution Items", "{F14AC1D9-0593-403C-BB04-24E173C73B20}"
	ProjectSection(SolutionItems) = preProject
		global.json = global.json
		README.md = README.md
		scratch.md = scratch.md
	EndProjectSection
EndProject
Project("{2150E333-8FDC-42A3-9474-1A3956D46DE8}") = "src", "src", "{3760A73B-7F1A-44D9-89F6-84CA45CE356F}"
	ProjectSection(SolutionItems) = preProject
		src\docker-compose.override.yml = src\docker-compose.override.yml
		src\docker-compose.yml = src\docker-compose.yml
	EndProjectSection
EndProject
Project("{2150E333-8FDC-42A3-9474-1A3956D46DE8}") = "ApiGateways", "ApiGateways", "{2324FDDF-1341-42A6-94AD-B4C06EDC57D2}"
EndProject
Project("{2150E333-8FDC-42A3-9474-1A3956D46DE8}") = "BuildingBlocks", "BuildingBlocks", "{86C794D4-615D-4EF9-8872-D757055FA5D8}"
EndProject
Project("{2150E333-8FDC-42A3-9474-1A3956D46DE8}") = "Services", "Services", "{0EE93B19-25B6-460C-87C0-ABEF4C24E5BE}"
EndProject
Project("{2150E333-8FDC-42A3-9474-1A3956D46DE8}") = "WebApps", "WebApps", "{40A11648-0873-4896-A935-8D5601F6F9E9}"
EndProject
Project("{9A19103F-16F7-4668-BE54-9A1E7A4F7556}") = "Common.Logging", "src\BuildingBlocks\Common.Logging\Common.Logging.csproj", "{8450FCD7-C39B-4D5E-83AC-EC57DBDC276C}"
EndProject
Project("{9A19103F-16F7-4668-BE54-9A1E7A4F7556}") = "EventBus.Messages", "src\BuildingBlocks\EventBus.Messages\EventBus.Messages.csproj", "{C82B21EC-CBC1-47FD-87AD-031E234BD668}"
EndProject
Project("{2150E333-8FDC-42A3-9474-1A3956D46DE8}") = "Customer", "Customer", "{3806AF96-8D48-4035-9A02-AF0853CAA340}"
EndProject
Project("{2150E333-8FDC-42A3-9474-1A3956D46DE8}") = "Basket", "Basket", "{1D7B23B2-0865-4EFB-8471-DFE1E9818D49}"
EndProject
Project("{2150E333-8FDC-42A3-9474-1A3956D46DE8}") = "Ordering", "Ordering", "{C7ED7212-7CB3-43AD-9B4C-77356F9BAB70}"
EndProject
Project("{2150E333-8FDC-42A3-9474-1A3956D46DE8}") = "Inventory", "Inventory", "{86D1FE90-5220-4BCE-B198-FC048D1A9FD4}"
EndProject
Project("{2150E333-8FDC-42A3-9474-1A3956D46DE8}") = "ScheduledJob", "ScheduledJob", "{2C7B9707-20D3-4E93-BBD6-017FBA91D16E}"
EndProject
Project("{9A19103F-16F7-4668-BE54-9A1E7A4F7556}") = "WebHealthStatus", "src\WebApps\WebHealthStatus\WebHealthStatus.csproj", "{AD777631-BC68-4EFC-948F-F7119AC569EC}"
EndProject
Project("{9A19103F-16F7-4668-BE54-9A1E7A4F7556}") = "Basket.API", "src\Services\Basket.API\Basket.API.csproj", "{B7D82C22-AF96-4816-B537-A40C7E96E824}"
EndProject
Project("{9A19103F-16F7-4668-BE54-9A1E7A4F7556}") = "Customer.API", "src\Services\Customer.API\Customer.API.csproj", "{0409DA68-3F99-4A27-AD37-F7AA881710DF}"
EndProject
Project("{9A19103F-16F7-4668-BE54-9A1E7A4F7556}") = "Inventory.Product.API", "src\Services\Inventory.Product.API\Inventory.Product.API.csproj", "{2B62545F-05A9-403C-8165-B82DCFAB7154}"
EndProject
Project("{9A19103F-16F7-4668-BE54-9A1E7A4F7556}") = "Ordering.API", "src\Services\Ordering.API\Ordering.API.csproj", "{B2DB8E44-B7B6-4B98-AED2-C49114E4BC2E}"
EndProject
Project("{9A19103F-16F7-4668-BE54-9A1E7A4F7556}") = "Hangfire.API", "src\Services\Hangfire.API\Hangfire.API.csproj", "{EC3307CC-193C-4EF6-89B8-4A8A8E837A10}"
EndProject
Project("{9A19103F-16F7-4668-BE54-9A1E7A4F7556}") = "Contracts", "src\BuildingBlocks\Contracts\Contracts.csproj", "{849C8DC0-EF15-4CA4-94F7-B61D8F6642E4}"
EndProject
Project("{9A19103F-16F7-4668-BE54-9A1E7A4F7556}") = "Infrastructure", "src\BuildingBlocks\Infrastructure\Infrastructure.csproj", "{83CD2F29-8BF5-4F51-AB8F-62FB79C5830A}"
EndProject
Project("{9A19103F-16F7-4668-BE54-9A1E7A4F7556}") = "Shared", "src\BuildingBlocks\Shared\Shared.csproj", "{51E62409-2181-4A5E-82CD-3B8E989B3B98}"
EndProject
Project("{9A19103F-16F7-4668-BE54-9A1E7A4F7556}") = "OcelotApiGw", "src\ApiGateways\OcelotApiGw\OcelotApiGw.csproj", "{2361261B-3AA6-4284-BEA0-150186E6D6EB}"
EndProject
Project("{2150E333-8FDC-42A3-9474-1A3956D46DE8}") = "Product", "Product", "{54A03869-C567-4423-B978-8971FE165534}"
EndProject
Project("{9A19103F-16F7-4668-BE54-9A1E7A4F7556}") = "Product.API", "src\Services\Product.API\Product.API.csproj", "{86FECB7A-5B12-413B-9CBA-0B82ABAF2188}"
EndProject
Global
	GlobalSection(SolutionConfigurationPlatforms) = preSolution
		Debug|Any CPU = Debug|Any CPU
		Release|Any CPU = Release|Any CPU
	EndGlobalSection
	GlobalSection(ProjectConfigurationPlatforms) = postSolution
		{8450FCD7-C39B-4D5E-83AC-EC57DBDC276C}.Debug|Any CPU.ActiveCfg = Debug|Any CPU
		{8450FCD7-C39B-4D5E-83AC-EC57DBDC276C}.Debug|Any CPU.Build.0 = Debug|Any CPU
		{8450FCD7-C39B-4D5E-83AC-EC57DBDC276C}.Release|Any CPU.ActiveCfg = Release|Any CPU
		{8450FCD7-C39B-4D5E-83AC-EC57DBDC276C}.Release|Any CPU.Build.0 = Release|Any CPU
		{C82B21EC-CBC1-47FD-87AD-031E234BD668}.Debug|Any CPU.ActiveCfg = Debug|Any CPU
		{C82B21EC-CBC1-47FD-87AD-031E234BD668}.Debug|Any CPU.Build.0 = Debug|Any CPU
		{C82B21EC-CBC1-47FD-87AD-031E234BD668}.Release|Any CPU.ActiveCfg = Release|Any CPU
		{C82B21EC-CBC1-47FD-87AD-031E234BD668}.Release|Any CPU.Build.0 = Release|Any CPU
		{AD777631-BC68-4EFC-948F-F7119AC569EC}.Debug|Any CPU.ActiveCfg = Debug|Any CPU
		{AD777631-BC68-4EFC-948F-F7119AC569EC}.Debug|Any CPU.Build.0 = Debug|Any CPU
		{AD777631-BC68-4EFC-948F-F7119AC569EC}.Release|Any CPU.ActiveCfg = Release|Any CPU
		{AD777631-BC68-4EFC-948F-F7119AC569EC}.Release|Any CPU.Build.0 = Release|Any CPU
		{B7D82C22-AF96-4816-B537-A40C7E96E824}.Debug|Any CPU.ActiveCfg = Debug|Any CPU
		{B7D82C22-AF96-4816-B537-A40C7E96E824}.Debug|Any CPU.Build.0 = Debug|Any CPU
		{B7D82C22-AF96-4816-B537-A40C7E96E824}.Release|Any CPU.ActiveCfg = Release|Any CPU
		{B7D82C22-AF96-4816-B537-A40C7E96E824}.Release|Any CPU.Build.0 = Release|Any CPU
		{0409DA68-3F99-4A27-AD37-F7AA881710DF}.Debug|Any CPU.ActiveCfg = Debug|Any CPU
		{0409DA68-3F99-4A27-AD37-F7AA881710DF}.Debug|Any CPU.Build.0 = Debug|Any CPU
		{0409DA68-3F99-4A27-AD37-F7AA881710DF}.Release|Any CPU.ActiveCfg = Release|Any CPU
		{0409DA68-3F99-4A27-AD37-F7AA881710DF}.Release|Any CPU.Build.0 = Release|Any CPU
		{2B62545F-05A9-403C-8165-B82DCFAB7154}.Debug|Any CPU.ActiveCfg = Debug|Any CPU
		{2B62545F-05A9-403C-8165-B82DCFAB7154}.Debug|Any CPU.Build.0 = Debug|Any CPU
		{2B62545F-05A9-403C-8165-B82DCFAB7154}.Release|Any CPU.ActiveCfg = Release|Any CPU
		{2B62545F-05A9-403C-8165-B82DCFAB7154}.Release|Any CPU.Build.0 = Release|Any CPU
		{B2DB8E44-B7B6-4B98-AED2-C49114E4BC2E}.Debug|Any CPU.ActiveCfg = Debug|Any CPU
		{B2DB8E44-B7B6-4B98-AED2-C49114E4BC2E}.Debug|Any CPU.Build.0 = Debug|Any CPU
		{B2DB8E44-B7B6-4B98-AED2-C49114E4BC2E}.Release|Any CPU.ActiveCfg = Release|Any CPU
		{B2DB8E44-B7B6-4B98-AED2-C49114E4BC2E}.Release|Any CPU.Build.0 = Release|Any CPU
		{EC3307CC-193C-4EF6-89B8-4A8A8E837A10}.Debug|Any CPU.ActiveCfg = Debug|Any CPU
		{EC3307CC-193C-4EF6-89B8-4A8A8E837A10}.Debug|Any CPU.Build.0 = Debug|Any CPU
		{EC3307CC-193C-4EF6-89B8-4A8A8E837A10}.Release|Any CPU.ActiveCfg = Release|Any CPU
		{EC3307CC-193C-4EF6-89B8-4A8A8E837A10}.Release|Any CPU.Build.0 = Release|Any CPU
		{849C8DC0-EF15-4CA4-94F7-B61D8F6642E4}.Debug|Any CPU.ActiveCfg = Debug|Any CPU
		{849C8DC0-EF15-4CA4-94F7-B61D8F6642E4}.Debug|Any CPU.Build.0 = Debug|Any CPU
		{849C8DC0-EF15-4CA4-94F7-B61D8F6642E4}.Release|Any CPU.ActiveCfg = Release|Any CPU
		{849C8DC0-EF15-4CA4-94F7-B61D8F6642E4}.Release|Any CPU.Build.0 = Release|Any CPU
		{83CD2F29-8BF5-4F51-AB8F-62FB79C5830A}.Debug|Any CPU.ActiveCfg = Debug|Any CPU
		{83CD2F29-8BF5-4F51-AB8F-62FB79C5830A}.Debug|Any CPU.Build.0 = Debug|Any CPU
		{83CD2F29-8BF5-4F51-AB8F-62FB79C5830A}.Release|Any CPU.ActiveCfg = Release|Any CPU
		{83CD2F29-8BF5-4F51-AB8F-62FB79C5830A}.Release|Any CPU.Build.0 = Release|Any CPU
		{51E62409-2181-4A5E-82CD-3B8E989B3B98}.Debug|Any CPU.ActiveCfg = Debug|Any CPU
		{51E62409-2181-4A5E-82CD-3B8E989B3B98}.Debug|Any CPU.Build.0 = Debug|Any CPU
		{51E62409-2181-4A5E-82CD-3B8E989B3B98}.Release|Any CPU.ActiveCfg = Release|Any CPU
		{51E62409-2181-4A5E-82CD-3B8E989B3B98}.Release|Any CPU.Build.0 = Release|Any CPU
		{2361261B-3AA6-4284-BEA0-150186E6D6EB}.Debug|Any CPU.ActiveCfg = Debug|Any CPU
		{2361261B-3AA6-4284-BEA0-150186E6D6EB}.Debug|Any CPU.Build.0 = Debug|Any CPU
		{2361261B-3AA6-4284-BEA0-150186E6D6EB}.Release|Any CPU.ActiveCfg = Release|Any CPU
		{2361261B-3AA6-4284-BEA0-150186E6D6EB}.Release|Any CPU.Build.0 = Release|Any CPU
		{86FECB7A-5B12-413B-9CBA-0B82ABAF2188}.Debug|Any CPU.ActiveCfg = Debug|Any CPU
		{86FECB7A-5B12-413B-9CBA-0B82ABAF2188}.Debug|Any CPU.Build.0 = Debug|Any CPU
		{86FECB7A-5B12-413B-9CBA-0B82ABAF2188}.Release|Any CPU.ActiveCfg = Release|Any CPU
		{86FECB7A-5B12-413B-9CBA-0B82ABAF2188}.Release|Any CPU.Build.0 = Release|Any CPU
	EndGlobalSection
	GlobalSection(SolutionProperties) = preSolution
		HideSolutionNode = FALSE
	EndGlobalSection
	GlobalSection(NestedProjects) = preSolution
		{2324FDDF-1341-42A6-94AD-B4C06EDC57D2} = {3760A73B-7F1A-44D9-89F6-84CA45CE356F}
		{86C794D4-615D-4EF9-8872-D757055FA5D8} = {3760A73B-7F1A-44D9-89F6-84CA45CE356F}
		{0EE93B19-25B6-460C-87C0-ABEF4C24E5BE} = {3760A73B-7F1A-44D9-89F6-84CA45CE356F}
		{40A11648-0873-4896-A935-8D5601F6F9E9} = {3760A73B-7F1A-44D9-89F6-84CA45CE356F}
		{8450FCD7-C39B-4D5E-83AC-EC57DBDC276C} = {86C794D4-615D-4EF9-8872-D757055FA5D8}
		{C82B21EC-CBC1-47FD-87AD-031E234BD668} = {86C794D4-615D-4EF9-8872-D757055FA5D8}
		{3806AF96-8D48-4035-9A02-AF0853CAA340} = {0EE93B19-25B6-460C-87C0-ABEF4C24E5BE}
		{1D7B23B2-0865-4EFB-8471-DFE1E9818D49} = {0EE93B19-25B6-460C-87C0-ABEF4C24E5BE}
		{C7ED7212-7CB3-43AD-9B4C-77356F9BAB70} = {0EE93B19-25B6-460C-87C0-ABEF4C24E5BE}
		{86D1FE90-5220-4BCE-B198-FC048D1A9FD4} = {0EE93B19-25B6-460C-87C0-ABEF4C24E5BE}
		{2C7B9707-20D3-4E93-BBD6-017FBA91D16E} = {0EE93B19-25B6-460C-87C0-ABEF4C24E5BE}
		{AD777631-BC68-4EFC-948F-F7119AC569EC} = {40A11648-0873-4896-A935-8D5601F6F9E9}
		{B7D82C22-AF96-4816-B537-A40C7E96E824} = {1D7B23B2-0865-4EFB-8471-DFE1E9818D49}
		{0409DA68-3F99-4A27-AD37-F7AA881710DF} = {3806AF96-8D48-4035-9A02-AF0853CAA340}
		{2B62545F-05A9-403C-8165-B82DCFAB7154} = {86D1FE90-5220-4BCE-B198-FC048D1A9FD4}
		{B2DB8E44-B7B6-4B98-AED2-C49114E4BC2E} = {C7ED7212-7CB3-43AD-9B4C-77356F9BAB70}
		{EC3307CC-193C-4EF6-89B8-4A8A8E837A10} = {2C7B9707-20D3-4E93-BBD6-017FBA91D16E}
		{849C8DC0-EF15-4CA4-94F7-B61D8F6642E4} = {86C794D4-615D-4EF9-8872-D757055FA5D8}
		{83CD2F29-8BF5-4F51-AB8F-62FB79C5830A} = {86C794D4-615D-4EF9-8872-D757055FA5D8}
		{51E62409-2181-4A5E-82CD-3B8E989B3B98} = {86C794D4-615D-4EF9-8872-D757055FA5D8}
		{2361261B-3AA6-4284-BEA0-150186E6D6EB} = {2324FDDF-1341-42A6-94AD-B4C06EDC57D2}
		{54A03869-C567-4423-B978-8971FE165534} = {0EE93B19-25B6-460C-87C0-ABEF4C24E5BE}
		{86FECB7A-5B12-413B-9CBA-0B82ABAF2188} = {54A03869-C567-4423-B978-8971FE165534}
	EndGlobalSection
	GlobalSection(ExtensibilityGlobals) = postSolution
		SolutionGuid = {966EB00B-7050-45AD-B31E-CAAF0E8CE5BB}
	EndGlobalSection
EndGlobal
